
Microsoft Visual Studio Solution File, Format Version 12.00
# Visual Studio Version 17
VisualStudioVersion = 17.5.33516.290
MinimumVisualStudioVersion = 10.0.40219.1
Project("{FAE04EC0-301F-11D3-BF4B-00C04F79EFBC}") = "PxStat.Upgrade", "PxStat.Upgrade\PxStat.Upgrade.csproj", "{4C48A77E-9E2F-49AA-8CB7-3D4B557D08B3}"
EndProject
Global
	GlobalSection(SolutionConfigurationPlatforms) = preSolution
		Debug|Any CPU = Debug|Any CPU
		Release|Any CPU = Release|Any CPU
	EndGlobalSection
	GlobalSection(ProjectConfigurationPlatforms) = postSolution
		{4C48A77E-9E2F-49AA-8CB7-3D4B557D08B3}.Debug|Any CPU.ActiveCfg = Debug|Any CPU
		{4C48A77E-9E2F-49AA-8CB7-3D4B557D08B3}.Debug|Any CPU.Build.0 = Debug|Any CPU
		{4C48A77E-9E2F-49AA-8CB7-3D4B557D08B3}.Release|Any CPU.ActiveCfg = Release|Any CPU
		{4C48A77E-9E2F-49AA-8CB7-3D4B557D08B3}.Release|Any CPU.Build.0 = Release|Any CPU
	EndGlobalSection
	GlobalSection(SolutionProperties) = preSolution
		HideSolutionNode = FALSE
	EndGlobalSection
	GlobalSection(ExtensibilityGlobals) = postSolution
		SolutionGuid = {9ECDE26B-63B1-476D-97FC-0A882A4239C4}
	EndGlobalSection
EndGlobal
