
Microsoft Visual Studio Solution File, Format Version 12.00
# Visual Studio Version 16
VisualStudioVersion = 16.0.31729.503
MinimumVisualStudioVersion = 10.0.40219.1
Project("{FAE04EC0-301F-11D3-BF4B-00C04F79EFBC}") = "Px5Migrator", "Px5Migrator\Px5Migrator.csproj", "{F2BA3515-821E-4960-85F5-16C5122303B9}"
EndProject
Global
	GlobalSection(SolutionConfigurationPlatforms) = preSolution
		Debug|Any CPU = Debug|Any CPU
		Release|Any CPU = Release|Any CPU
	EndGlobalSection
	GlobalSection(ProjectConfigurationPlatforms) = postSolution
		{F2BA3515-821E-4960-85F5-16C5122303B9}.Debug|Any CPU.ActiveCfg = Debug|Any CPU
		{F2BA3515-821E-4960-85F5-16C5122303B9}.Debug|Any CPU.Build.0 = Debug|Any CPU
		{F2BA3515-821E-4960-85F5-16C5122303B9}.Release|Any CPU.ActiveCfg = Release|Any CPU
		{F2BA3515-821E-4960-85F5-16C5122303B9}.Release|Any CPU.Build.0 = Release|Any CPU
	EndGlobalSection
	GlobalSection(SolutionProperties) = preSolution
		HideSolutionNode = FALSE
	EndGlobalSection
	GlobalSection(ExtensibilityGlobals) = postSolution
		SolutionGuid = {D4A70624-FA9F-47C6-876E-AA79C6DBA072}
	EndGlobalSection
EndGlobal
